
Microsoft Visual Studio Solution File, Format Version 12.00
# Visual Studio Version 16
VisualStudioVersion = 16.0.30413.136
MinimumVisualStudioVersion = 10.0.40219.1
Project("{FAE04EC0-301F-11D3-BF4B-00C04F79EFBC}") = "minesweeper", "minesweeper\minesweeper.csproj", "{79E8F57C-BA2F-4FEC-8FB1-21729C44E9E9}"
EndProject
Global
	GlobalSection(SolutionConfigurationPlatforms) = preSolution
		Debug|Any CPU = Debug|Any CPU
		Release|Any CPU = Release|Any CPU
	EndGlobalSection
	GlobalSection(ProjectConfigurationPlatforms) = postSolution
		{79E8F57C-BA2F-4FEC-8FB1-21729C44E9E9}.Debug|Any CPU.ActiveCfg = Debug|Any CPU
		{79E8F57C-BA2F-4FEC-8FB1-21729C44E9E9}.Debug|Any CPU.Build.0 = Debug|Any CPU
		{79E8F57C-BA2F-4FEC-8FB1-21729C44E9E9}.Release|Any CPU.ActiveCfg = Release|Any CPU
		{79E8F57C-BA2F-4FEC-8FB1-21729C44E9E9}.Release|Any CPU.Build.0 = Release|Any CPU
	EndGlobalSection
	GlobalSection(SolutionProperties) = preSolution
		HideSolutionNode = FALSE
	EndGlobalSection
	GlobalSection(ExtensibilityGlobals) = postSolution
		SolutionGuid = {D1DD03CD-0E85-4CC7-A83F-E602ED4DDC80}
	EndGlobalSection
EndGlobal
